// !$*UTF8*$!
{
	archiveVersion = 1;
	classes = {
	};
	objectVersion = 56;
	objects = {

/* Begin PBXBuildFile section */
		2A4CA2D12A7E893D0054A7C0 /* SwiftDataTodoAppApp.swift in Sources */ = {isa = PBXBuildFile; fileRef = 2A4CA2D02A7E893D0054A7C0 /* SwiftDataTodoAppApp.swift */; };
		2A4CA2D32A7E893D0054A7C0 /* ContentView.swift in Sources */ = {isa = PBXBuildFile; fileRef = 2A4CA2D22A7E893D0054A7C0 /* ContentView.swift */; };
		2A4CA2D52A7E89480054A7C0 /* Assets.xcassets in Resources */ = {isa = PBXBuildFile; fileRef = 2A4CA2D42A7E89480054A7C0 /* Assets.xcassets */; };
		2A4CA2D82A7E89480054A7C0 /* Preview Assets.xcassets in Resources */ = {isa = PBXBuildFile; fileRef = 2A4CA2D72A7E89480054A7C0 /* Preview Assets.xcassets */; };
		2A4CA2E22A7E8C840054A7C0 /* TodoListView.swift in Sources */ = {isa = PBXBuildFile; fileRef = 2A4CA2E12A7E8C840054A7C0 /* TodoListView.swift */; };
		2A4CA2E42A7E8DD80054A7C0 /* AddTodoView.swift in Sources */ = {isa = PBXBuildFile; fileRef = 2A4CA2E32A7E8DD80054A7C0 /* AddTodoView.swift */; };
		2A4CA2E72A7E92CB0054A7C0 /* Todo.swift in Sources */ = {isa = PBXBuildFile; fileRef = 2A4CA2E62A7E92CB0054A7C0 /* Todo.swift */; };
		2A4CA2E92A7E990F0054A7C0 /* TodoListViewModel.swift in Sources */ = {isa = PBXBuildFile; fileRef = 2A4CA2E82A7E990F0054A7C0 /* TodoListViewModel.swift */; };
		2ABB90D42A7EA4E70092A61D /* Date+.swift in Sources */ = {isa = PBXBuildFile; fileRef = 2ABB90D32A7EA4E70092A61D /* Date+.swift */; };
		2ABB90D62A7EAA540092A61D /* SwiftDataManager.swift in Sources */ = {isa = PBXBuildFile; fileRef = 2ABB90D52A7EAA540092A61D /* SwiftDataManager.swift */; };
		2ABB90D82A7EB2B10092A61D /* AddTodoViewModel.swift in Sources */ = {isa = PBXBuildFile; fileRef = 2ABB90D72A7EB2B10092A61D /* AddTodoViewModel.swift */; };
/* End PBXBuildFile section */

/* Begin PBXFileReference section */
		2A4CA2CD2A7E893D0054A7C0 /* SwiftDataTodoApp.app */ = {isa = PBXFileReference; explicitFileType = wrapper.application; includeInIndex = 0; path = SwiftDataTodoApp.app; sourceTree = BUILT_PRODUCTS_DIR; };
		2A4CA2D02A7E893D0054A7C0 /* SwiftDataTodoAppApp.swift */ = {isa = PBXFileReference; lastKnownFileType = sourcecode.swift; path = SwiftDataTodoAppApp.swift; sourceTree = "<group>"; };
		2A4CA2D22A7E893D0054A7C0 /* ContentView.swift */ = {isa = PBXFileReference; lastKnownFileType = sourcecode.swift; path = ContentView.swift; sourceTree = "<group>"; };
		2A4CA2D42A7E89480054A7C0 /* Assets.xcassets */ = {isa = PBXFileReference; lastKnownFileType = folder.assetcatalog; path = Assets.xcassets; sourceTree = "<group>"; };
		2A4CA2D72A7E89480054A7C0 /* Preview Assets.xcassets */ = {isa = PBXFileReference; lastKnownFileType = folder.assetcatalog; path = "Preview Assets.xcassets"; sourceTree = "<group>"; };
		2A4CA2E12A7E8C840054A7C0 /* TodoListView.swift */ = {isa = PBXFileReference; lastKnownFileType = sourcecode.swift; path = TodoListView.swift; sourceTree = "<group>"; };
		2A4CA2E32A7E8DD80054A7C0 /* AddTodoView.swift */ = {isa = PBXFileReference; lastKnownFileType = sourcecode.swift; path = AddTodoView.swift; sourceTree = "<group>"; };
		2A4CA2E62A7E92CB0054A7C0 /* Todo.swift */ = {isa = PBXFileReference; lastKnownFileType = sourcecode.swift; path = Todo.swift; sourceTree = "<group>"; };
		2A4CA2E82A7E990F0054A7C0 /* TodoListViewModel.swift */ = {isa = PBXFileReference; lastKnownFileType = sourcecode.swift; path = TodoListViewModel.swift; sourceTree = "<group>"; };
		2ABB90D32A7EA4E70092A61D /* Date+.swift */ = {isa = PBXFileReference; lastKnownFileType = sourcecode.swift; path = "Date+.swift"; sourceTree = "<group>"; };
		2ABB90D52A7EAA540092A61D /* SwiftDataManager.swift */ = {isa = PBXFileReference; lastKnownFileType = sourcecode.swift; path = SwiftDataManager.swift; sourceTree = "<group>"; };
		2ABB90D72A7EB2B10092A61D /* AddTodoViewModel.swift */ = {isa = PBXFileReference; lastKnownFileType = sourcecode.swift; path = AddTodoViewModel.swift; sourceTree = "<group>"; };
/* End PBXFileReference section */

/* Begin PBXFrameworksBuildPhase section */
		2A4CA2CA2A7E893D0054A7C0 /* Frameworks */ = {
			isa = PBXFrameworksBuildPhase;
			buildActionMask = 2147483647;
			files = (
			);
			runOnlyForDeploymentPostprocessing = 0;
		};
/* End PBXFrameworksBuildPhase section */

/* Begin PBXGroup section */
		2A4CA2C42A7E893D0054A7C0 = {
			isa = PBXGroup;
			children = (
				2A4CA2CF2A7E893D0054A7C0 /* SwiftDataTodoApp */,
				2A4CA2CE2A7E893D0054A7C0 /* Products */,
			);
			sourceTree = "<group>";
		};
		2A4CA2CE2A7E893D0054A7C0 /* Products */ = {
			isa = PBXGroup;
			children = (
				2A4CA2CD2A7E893D0054A7C0 /* SwiftDataTodoApp.app */,
			);
			name = Products;
			sourceTree = "<group>";
		};
		2A4CA2CF2A7E893D0054A7C0 /* SwiftDataTodoApp */ = {
			isa = PBXGroup;
			children = (
				2A4CA2D02A7E893D0054A7C0 /* SwiftDataTodoAppApp.swift */,
				2A4CA2E02A7E8BFC0054A7C0 /* Model */,
				2A4CA2DE2A7E8BE90054A7C0 /* View */,
				2A4CA2DF2A7E8BF40054A7C0 /* ViewModel */,
				2A4CA2EA2A7E9E100054A7C0 /* Extention */,
				2A4CA2D42A7E89480054A7C0 /* Assets.xcassets */,
				2A4CA2D62A7E89480054A7C0 /* Preview Content */,
			);
			path = SwiftDataTodoApp;
			sourceTree = "<group>";
		};
		2A4CA2D62A7E89480054A7C0 /* Preview Content */ = {
			isa = PBXGroup;
			children = (
				2A4CA2D72A7E89480054A7C0 /* Preview Assets.xcassets */,
			);
			path = "Preview Content";
			sourceTree = "<group>";
		};
		2A4CA2DE2A7E8BE90054A7C0 /* View */ = {
			isa = PBXGroup;
			children = (
				2A4CA2D22A7E893D0054A7C0 /* ContentView.swift */,
				2A4CA2E12A7E8C840054A7C0 /* TodoListView.swift */,
				2A4CA2E32A7E8DD80054A7C0 /* AddTodoView.swift */,
			);
			path = View;
			sourceTree = "<group>";
		};
		2A4CA2DF2A7E8BF40054A7C0 /* ViewModel */ = {
			isa = PBXGroup;
			children = (
				2A4CA2E82A7E990F0054A7C0 /* TodoListViewModel.swift */,
				2ABB90D72A7EB2B10092A61D /* AddTodoViewModel.swift */,
			);
			path = ViewModel;
			sourceTree = "<group>";
		};
		2A4CA2E02A7E8BFC0054A7C0 /* Model */ = {
			isa = PBXGroup;
			children = (
				2A4CA2E52A7E92AC0054A7C0 /* SwiftData */,
			);
			path = Model;
			sourceTree = "<group>";
		};
		2A4CA2E52A7E92AC0054A7C0 /* SwiftData */ = {
			isa = PBXGroup;
			children = (
				2ABB90D52A7EAA540092A61D /* SwiftDataManager.swift */,
				2A4CA2E62A7E92CB0054A7C0 /* Todo.swift */,
			);
			path = SwiftData;
			sourceTree = "<group>";
		};
		2A4CA2EA2A7E9E100054A7C0 /* Extention */ = {
			isa = PBXGroup;
			children = (
				2ABB90D32A7EA4E70092A61D /* Date+.swift */,
			);
			path = Extention;
			sourceTree = "<group>";
		};
/* End PBXGroup section */

/* Begin PBXNativeTarget section */
		2A4CA2CC2A7E893D0054A7C0 /* SwiftDataTodoApp */ = {
			isa = PBXNativeTarget;
			buildConfigurationList = 2A4CA2DB2A7E89480054A7C0 /* Build configuration list for PBXNativeTarget "SwiftDataTodoApp" */;
			buildPhases = (
				2A4CA2C92A7E893D0054A7C0 /* Sources */,
				2A4CA2CA2A7E893D0054A7C0 /* Frameworks */,
				2A4CA2CB2A7E893D0054A7C0 /* Resources */,
			);
			buildRules = (
			);
			dependencies = (
			);
			name = SwiftDataTodoApp;
			productName = SwiftDataTodoApp;
			productReference = 2A4CA2CD2A7E893D0054A7C0 /* SwiftDataTodoApp.app */;
			productType = "com.apple.product-type.application";
		};
/* End PBXNativeTarget section */

/* Begin PBXProject section */
		2A4CA2C52A7E893D0054A7C0 /* Project object */ = {
			isa = PBXProject;
			attributes = {
				BuildIndependentTargetsInParallel = 1;
				LastSwiftUpdateCheck = 1430;
				LastUpgradeCheck = 1430;
				TargetAttributes = {
					2A4CA2CC2A7E893D0054A7C0 = {
						CreatedOnToolsVersion = 14.3;
					};
				};
			};
			buildConfigurationList = 2A4CA2C82A7E893D0054A7C0 /* Build configuration list for PBXProject "SwiftDataTodoApp" */;
			compatibilityVersion = "Xcode 14.0";
			developmentRegion = en;
			hasScannedForEncodings = 0;
			knownRegions = (
				en,
				Base,
			);
			mainGroup = 2A4CA2C42A7E893D0054A7C0;
			productRefGroup = 2A4CA2CE2A7E893D0054A7C0 /* Products */;
			projectDirPath = "";
			projectRoot = "";
			targets = (
				2A4CA2CC2A7E893D0054A7C0 /* SwiftDataTodoApp */,
			);
		};
/* End PBXProject section */

/* Begin PBXResourcesBuildPhase section */
		2A4CA2CB2A7E893D0054A7C0 /* Resources */ = {
			isa = PBXResourcesBuildPhase;
			buildActionMask = 2147483647;
			files = (
				2A4CA2D82A7E89480054A7C0 /* Preview Assets.xcassets in Resources */,
				2A4CA2D52A7E89480054A7C0 /* Assets.xcassets in Resources */,
			);
			runOnlyForDeploymentPostprocessing = 0;
		};
/* End PBXResourcesBuildPhase section */

/* Begin PBXSourcesBuildPhase section */
		2A4CA2C92A7E893D0054A7C0 /* Sources */ = {
			isa = PBXSourcesBuildPhase;
			buildActionMask = 2147483647;
			files = (
				2ABB90D42A7EA4E70092A61D /* Date+.swift in Sources */,
				2A4CA2E22A7E8C840054A7C0 /* TodoListView.swift in Sources */,
				2A4CA2D32A7E893D0054A7C0 /* ContentView.swift in Sources */,
				2ABB90D62A7EAA540092A61D /* SwiftDataManager.swift in Sources */,
				2A4CA2E42A7E8DD80054A7C0 /* AddTodoView.swift in Sources */,
				2A4CA2D12A7E893D0054A7C0 /* SwiftDataTodoAppApp.swift in Sources */,
				2A4CA2E92A7E990F0054A7C0 /* TodoListViewModel.swift in Sources */,
				2ABB90D82A7EB2B10092A61D /* AddTodoViewModel.swift in Sources */,
				2A4CA2E72A7E92CB0054A7C0 /* Todo.swift in Sources */,
			);
			runOnlyForDeploymentPostprocessing = 0;
		};
/* End PBXSourcesBuildPhase section */

/* Begin XCBuildConfiguration section */
		2A4CA2D92A7E89480054A7C0 /* Debug */ = {
			isa = XCBuildConfiguration;
			buildSettings = {
				ALWAYS_SEARCH_USER_PATHS = NO;
				CLANG_ANALYZER_NONNULL = YES;
				CLANG_ANALYZER_NUMBER_OBJECT_CONVERSION = YES_AGGRESSIVE;
				CLANG_CXX_LANGUAGE_STANDARD = "gnu++20";
				CLANG_ENABLE_MODULES = YES;
				CLANG_ENABLE_OBJC_ARC = YES;
				CLANG_ENABLE_OBJC_WEAK = YES;
				CLANG_WARN_BLOCK_CAPTURE_AUTORELEASING = YES;
				CLANG_WARN_BOOL_CONVERSION = YES;
				CLANG_WARN_COMMA = YES;
				CLANG_WARN_CONSTANT_CONVERSION = YES;
				CLANG_WARN_DEPRECATED_OBJC_IMPLEMENTATIONS = YES;
				CLANG_WARN_DIRECT_OBJC_ISA_USAGE = YES_ERROR;
				CLANG_WARN_DOCUMENTATION_COMMENTS = YES;
				CLANG_WARN_EMPTY_BODY = YES;
				CLANG_WARN_ENUM_CONVERSION = YES;
				CLANG_WARN_INFINITE_RECURSION = YES;
				CLANG_WARN_INT_CONVERSION = YES;
				CLANG_WARN_NON_LITERAL_NULL_CONVERSION = YES;
				CLANG_WARN_OBJC_IMPLICIT_RETAIN_SELF = YES;
				CLANG_WARN_OBJC_LITERAL_CONVERSION = YES;
				CLANG_WARN_OBJC_ROOT_CLASS = YES_ERROR;
				CLANG_WARN_QUOTED_INCLUDE_IN_FRAMEWORK_HEADER = YES;
				CLANG_WARN_RANGE_LOOP_ANALYSIS = YES;
				CLANG_WARN_STRICT_PROTOTYPES = YES;
				CLANG_WARN_SUSPICIOUS_MOVE = YES;
				CLANG_WARN_UNGUARDED_AVAILABILITY = YES_AGGRESSIVE;
				CLANG_WARN_UNREACHABLE_CODE = YES;
				CLANG_WARN__DUPLICATE_METHOD_MATCH = YES;
				COPY_PHASE_STRIP = NO;
				DEBUG_INFORMATION_FORMAT = dwarf;
				ENABLE_STRICT_OBJC_MSGSEND = YES;
				ENABLE_TESTABILITY = YES;
				GCC_C_LANGUAGE_STANDARD = gnu11;
				GCC_DYNAMIC_NO_PIC = NO;
				GCC_NO_COMMON_BLOCKS = YES;
				GCC_OPTIMIZATION_LEVEL = 0;
				GCC_PREPROCESSOR_DEFINITIONS = (
					"DEBUG=1",
					"$(inherited)",
				);
				GCC_WARN_64_TO_32_BIT_CONVERSION = YES;
				GCC_WARN_ABOUT_RETURN_TYPE = YES_ERROR;
				GCC_WARN_UNDECLARED_SELECTOR = YES;
				GCC_WARN_UNINITIALIZED_AUTOS = YES_AGGRESSIVE;
				GCC_WARN_UNUSED_FUNCTION = YES;
				GCC_WARN_UNUSED_VARIABLE = YES;
				IPHONEOS_DEPLOYMENT_TARGET = 16.4;
				MTL_ENABLE_DEBUG_INFO = INCLUDE_SOURCE;
				MTL_FAST_MATH = YES;
				ONLY_ACTIVE_ARCH = YES;
				SDKROOT = iphoneos;
				SWIFT_ACTIVE_COMPILATION_CONDITIONS = DEBUG;
				SWIFT_OPTIMIZATION_LEVEL = "-Onone";
			};
			name = Debug;
		};
		2A4CA2DA2A7E89480054A7C0 /* Release */ = {
			isa = XCBuildConfiguration;
			buildSettings = {
				ALWAYS_SEARCH_USER_PATHS = NO;
				CLANG_ANALYZER_NONNULL = YES;
				CLANG_ANALYZER_NUMBER_OBJECT_CONVERSION = YES_AGGRESSIVE;
				CLANG_CXX_LANGUAGE_STANDARD = "gnu++20";
				CLANG_ENABLE_MODULES = YES;
				CLANG_ENABLE_OBJC_ARC = YES;
				CLANG_ENABLE_OBJC_WEAK = YES;
				CLANG_WARN_BLOCK_CAPTURE_AUTORELEASING = YES;
				CLANG_WARN_BOOL_CONVERSION = YES;
				CLANG_WARN_COMMA = YES;
				CLANG_WARN_CONSTANT_CONVERSION = YES;
				CLANG_WARN_DEPRECATED_OBJC_IMPLEMENTATIONS = YES;
				CLANG_WARN_DIRECT_OBJC_ISA_USAGE = YES_ERROR;
				CLANG_WARN_DOCUMENTATION_COMMENTS = YES;
				CLANG_WARN_EMPTY_BODY = YES;
				CLANG_WARN_ENUM_CONVERSION = YES;
				CLANG_WARN_INFINITE_RECURSION = YES;
				CLANG_WARN_INT_CONVERSION = YES;
				CLANG_WARN_NON_LITERAL_NULL_CONVERSION = YES;
				CLANG_WARN_OBJC_IMPLICIT_RETAIN_SELF = YES;
				CLANG_WARN_OBJC_LITERAL_CONVERSION = YES;
				CLANG_WARN_OBJC_ROOT_CLASS = YES_ERROR;
				CLANG_WARN_QUOTED_INCLUDE_IN_FRAMEWORK_HEADER = YES;
				CLANG_WARN_RANGE_LOOP_ANALYSIS = YES;
				CLANG_WARN_STRICT_PROTOTYPES = YES;
				CLANG_WARN_SUSPICIOUS_MOVE = YES;
				CLANG_WARN_UNGUARDED_AVAILABILITY = YES_AGGRESSIVE;
				CLANG_WARN_UNREACHABLE_CODE = YES;
				CLANG_WARN__DUPLICATE_METHOD_MATCH = YES;
				COPY_PHASE_STRIP = NO;
				DEBUG_INFORMATION_FORMAT = "dwarf-with-dsym";
				ENABLE_NS_ASSERTIONS = NO;
				ENABLE_STRICT_OBJC_MSGSEND = YES;
				GCC_C_LANGUAGE_STANDARD = gnu11;
				GCC_NO_COMMON_BLOCKS = YES;
				GCC_WARN_64_TO_32_BIT_CONVERSION = YES;
				GCC_WARN_ABOUT_RETURN_TYPE = YES_ERROR;
				GCC_WARN_UNDECLARED_SELECTOR = YES;
				GCC_WARN_UNINITIALIZED_AUTOS = YES_AGGRESSIVE;
				GCC_WARN_UNUSED_FUNCTION = YES;
				GCC_WARN_UNUSED_VARIABLE = YES;
				IPHONEOS_DEPLOYMENT_TARGET = 16.4;
				MTL_ENABLE_DEBUG_INFO = NO;
				MTL_FAST_MATH = YES;
				SDKROOT = iphoneos;
				SWIFT_COMPILATION_MODE = wholemodule;
				SWIFT_OPTIMIZATION_LEVEL = "-O";
				VALIDATE_PRODUCT = YES;
			};
			name = Release;
		};
		2A4CA2DC2A7E89480054A7C0 /* Debug */ = {
			isa = XCBuildConfiguration;
			buildSettings = {
				ASSETCATALOG_COMPILER_APPICON_NAME = AppIcon;
				ASSETCATALOG_COMPILER_GLOBAL_ACCENT_COLOR_NAME = AccentColor;
				CODE_SIGN_STYLE = Automatic;
				CURRENT_PROJECT_VERSION = 1;
				DEVELOPMENT_ASSET_PATHS = "\"SwiftDataTodoApp/Preview Content\"";
				DEVELOPMENT_TEAM = 4KSR5K3Z23;
				ENABLE_PREVIEWS = YES;
				GENERATE_INFOPLIST_FILE = YES;
				INFOPLIST_KEY_UIApplicationSceneManifest_Generation = YES;
				INFOPLIST_KEY_UIApplicationSupportsIndirectInputEvents = YES;
				INFOPLIST_KEY_UILaunchScreen_Generation = YES;
				INFOPLIST_KEY_UISupportedInterfaceOrientations_iPad = "UIInterfaceOrientationPortrait UIInterfaceOrientationPortraitUpsideDown UIInterfaceOrientationLandscapeLeft UIInterfaceOrientationLandscapeRight";
				INFOPLIST_KEY_UISupportedInterfaceOrientations_iPhone = "UIInterfaceOrientationPortrait UIInterfaceOrientationLandscapeLeft UIInterfaceOrientationLandscapeRight";
				IPHONEOS_DEPLOYMENT_TARGET = 17.0;
				LD_RUNPATH_SEARCH_PATHS = (
					"$(inherited)",
					"@executable_path/Frameworks",
				);
				MARKETING_VERSION = 1.0;
				PRODUCT_BUNDLE_IDENTIFIER = "nagai-ryo.SwiftDataTodoApp";
				PRODUCT_NAME = "$(TARGET_NAME)";
				SWIFT_EMIT_LOC_STRINGS = YES;
				SWIFT_VERSION = 5.0;
				TARGETED_DEVICE_FAMILY = "1,2";
			};
			name = Debug;
		};
		2A4CA2DD2A7E89480054A7C0 /* Release */ = {
			isa = XCBuildConfiguration;
			buildSettings = {
				ASSETCATALOG_COMPILER_APPICON_NAME = AppIcon;
				ASSETCATALOG_COMPILER_GLOBAL_ACCENT_COLOR_NAME = AccentColor;
				CODE_SIGN_STYLE = Automatic;
				CURRENT_PROJECT_VERSION = 1;
				DEVELOPMENT_ASSET_PATHS = "\"SwiftDataTodoApp/Preview Content\"";
				DEVELOPMENT_TEAM = 4KSR5K3Z23;
				ENABLE_PREVIEWS = YES;
				GENERATE_INFOPLIST_FILE = YES;
				INFOPLIST_KEY_UIApplicationSceneManifest_Generation = YES;
				INFOPLIST_KEY_UIApplicationSupportsIndirectInputEvents = YES;
				INFOPLIST_KEY_UILaunchScreen_Generation = YES;
				INFOPLIST_KEY_UISupportedInterfaceOrientations_iPad = "UIInterfaceOrientationPortrait UIInterfaceOrientationPortraitUpsideDown UIInterfaceOrientationLandscapeLeft UIInterfaceOrientationLandscapeRight";
				INFOPLIST_KEY_UISupportedInterfaceOrientations_iPhone = "UIInterfaceOrientationPortrait UIInterfaceOrientationLandscapeLeft UIInterfaceOrientationLandscapeRight";
				IPHONEOS_DEPLOYMENT_TARGET = 17.0;
				LD_RUNPATH_SEARCH_PATHS = (
					"$(inherited)",
					"@executable_path/Frameworks",
				);
				MARKETING_VERSION = 1.0;
				PRODUCT_BUNDLE_IDENTIFIER = "nagai-ryo.SwiftDataTodoApp";
				PRODUCT_NAME = "$(TARGET_NAME)";
				SWIFT_EMIT_LOC_STRINGS = YES;
				SWIFT_VERSION = 5.0;
				TARGETED_DEVICE_FAMILY = "1,2";
			};
			name = Release;
		};
/* End XCBuildConfiguration section */

/* Begin XCConfigurationList section */
		2A4CA2C82A7E893D0054A7C0 /* Build configuration list for PBXProject "SwiftDataTodoApp" */ = {
			isa = XCConfigurationList;
			buildConfigurations = (
				2A4CA2D92A7E89480054A7C0 /* Debug */,
				2A4CA2DA2A7E89480054A7C0 /* Release */,
			);
			defaultConfigurationIsVisible = 0;
			defaultConfigurationName = Release;
		};
		2A4CA2DB2A7E89480054A7C0 /* Build configuration list for PBXNativeTarget "SwiftDataTodoApp" */ = {
			isa = XCConfigurationList;
			buildConfigurations = (
				2A4CA2DC2A7E89480054A7C0 /* Debug */,
				2A4CA2DD2A7E89480054A7C0 /* Release */,
			);
			defaultConfigurationIsVisible = 0;
			defaultConfigurationName = Release;
		};
/* End XCConfigurationList section */
	};
	rootObject = 2A4CA2C52A7E893D0054A7C0 /* Project object */;
}
